
Microsoft Visual Studio Solution File, Format Version 12.00
# Visual Studio Version 17
VisualStudioVersion = 17.10.35122.118
MinimumVisualStudioVersion = 10.0.40219.1
Project("{FAE04EC0-301F-11D3-BF4B-00C04F79EFBC}") = "TailwindViewComponents.UI", "TailwindViewComponents.UI\TailwindViewComponents.UI.csproj", "{3920FDE3-F9BA-4346-B751-1DC077162883}"
EndProject
Project("{FAE04EC0-301F-11D3-BF4B-00C04F79EFBC}") = "TailwindViewComponents.RCL", "TailwindViewComponents.RCL\TailwindViewComponents.RCL.csproj", "{BE0F9BF7-7622-4020-9339-FF88809E6A7B}"
EndProject
Global
	GlobalSection(SolutionConfigurationPlatforms) = preSolution
		Debug|Any CPU = Debug|Any CPU
		Release|Any CPU = Release|Any CPU
	EndGlobalSection
	GlobalSection(ProjectConfigurationPlatforms) = postSolution
		{3920FDE3-F9BA-4346-B751-1DC077162883}.Debug|Any CPU.ActiveCfg = Debug|Any CPU
		{3920FDE3-F9BA-4346-B751-1DC077162883}.Debug|Any CPU.Build.0 = Debug|Any CPU
		{3920FDE3-F9BA-4346-B751-1DC077162883}.Release|Any CPU.ActiveCfg = Release|Any CPU
		{3920FDE3-F9BA-4346-B751-1DC077162883}.Release|Any CPU.Build.0 = Release|Any CPU
		{BE0F9BF7-7622-4020-9339-FF88809E6A7B}.Debug|Any CPU.ActiveCfg = Debug|Any CPU
		{BE0F9BF7-7622-4020-9339-FF88809E6A7B}.Debug|Any CPU.Build.0 = Debug|Any CPU
		{BE0F9BF7-7622-4020-9339-FF88809E6A7B}.Release|Any CPU.ActiveCfg = Release|Any CPU
		{BE0F9BF7-7622-4020-9339-FF88809E6A7B}.Release|Any CPU.Build.0 = Release|Any CPU
	EndGlobalSection
	GlobalSection(SolutionProperties) = preSolution
		HideSolutionNode = FALSE
	EndGlobalSection
	GlobalSection(ExtensibilityGlobals) = postSolution
		SolutionGuid = {C37F915C-FC92-4734-BB2A-399B4BD8F35F}
	EndGlobalSection
EndGlobal
